
Microsoft Visual Studio Solution File, Format Version 12.00
# Visual Studio Version 16
VisualStudioVersion = 16.0.30523.141
MinimumVisualStudioVersion = 10.0.40219.1
Project("{8BC9CEB8-8B4A-11D0-8D11-00A0C91BC942}") = "MathLibrary", "MathLibrary\MathLibrary.vcxproj", "{13E33A7B-3502-453D-8813-882B7C911E60}"
EndProject
Project("{8BC9CEB8-8B4A-11D0-8D11-00A0C91BC942}") = "MathClient", "MathClient\MathClient.vcxproj", "{3660A330-9DD9-4D9C-88ED-DF7A36FBC88A}"
EndProject
Global
	GlobalSection(SolutionConfigurationPlatforms) = preSolution
		Debug|x64 = Debug|x64
		Debug|x86 = Debug|x86
		Release|x64 = Release|x64
		Release|x86 = Release|x86
	EndGlobalSection
	GlobalSection(ProjectConfigurationPlatforms) = postSolution
		{13E33A7B-3502-453D-8813-882B7C911E60}.Debug|x64.ActiveCfg = Debug|x64
		{13E33A7B-3502-453D-8813-882B7C911E60}.Debug|x64.Build.0 = Debug|x64
		{13E33A7B-3502-453D-8813-882B7C911E60}.Debug|x86.ActiveCfg = Debug|Win32
		{13E33A7B-3502-453D-8813-882B7C911E60}.Debug|x86.Build.0 = Debug|Win32
		{13E33A7B-3502-453D-8813-882B7C911E60}.Release|x64.ActiveCfg = Release|x64
		{13E33A7B-3502-453D-8813-882B7C911E60}.Release|x64.Build.0 = Release|x64
		{13E33A7B-3502-453D-8813-882B7C911E60}.Release|x86.ActiveCfg = Release|Win32
		{13E33A7B-3502-453D-8813-882B7C911E60}.Release|x86.Build.0 = Release|Win32
		{3660A330-9DD9-4D9C-88ED-DF7A36FBC88A}.Debug|x64.ActiveCfg = Debug|x64
		{3660A330-9DD9-4D9C-88ED-DF7A36FBC88A}.Debug|x64.Build.0 = Debug|x64
		{3660A330-9DD9-4D9C-88ED-DF7A36FBC88A}.Debug|x86.ActiveCfg = Debug|Win32
		{3660A330-9DD9-4D9C-88ED-DF7A36FBC88A}.Debug|x86.Build.0 = Debug|Win32
		{3660A330-9DD9-4D9C-88ED-DF7A36FBC88A}.Release|x64.ActiveCfg = Release|x64
		{3660A330-9DD9-4D9C-88ED-DF7A36FBC88A}.Release|x64.Build.0 = Release|x64
		{3660A330-9DD9-4D9C-88ED-DF7A36FBC88A}.Release|x86.ActiveCfg = Release|Win32
		{3660A330-9DD9-4D9C-88ED-DF7A36FBC88A}.Release|x86.Build.0 = Release|Win32
	EndGlobalSection
	GlobalSection(SolutionProperties) = preSolution
		HideSolutionNode = FALSE
	EndGlobalSection
	GlobalSection(ExtensibilityGlobals) = postSolution
		SolutionGuid = {35BDCF76-C008-4556-BC57-6151EAD5F094}
	EndGlobalSection
EndGlobal
